
Microsoft Visual Studio Solution File, Format Version 12.00
# Visual Studio 15
VisualStudioVersion = 15.0.27130.2024
MinimumVisualStudioVersion = 15.0.26124.0
Project("{2150E333-8FDC-42A3-9474-1A3956D46DE8}") = "Common", "Common", "{C0D48C6B-3AB3-4921-8525-D6010FAF26BD}"
EndProject
Project("{2150E333-8FDC-42A3-9474-1A3956D46DE8}") = "DynamicData", "DynamicData", "{862C16E9-DF5E-4AF1-B72B-DB9214C9B885}"
EndProject
Project("{2150E333-8FDC-42A3-9474-1A3956D46DE8}") = "Framework", "Framework", "{B8390689-26E6-46DE-9672-EAFADCD12B88}"
EndProject
Project("{2150E333-8FDC-42A3-9474-1A3956D46DE8}") = "Modules", "Modules", "{91D86871-A5CF-4811-B9B0-941728B55529}"
EndProject
Project("{2150E333-8FDC-42A3-9474-1A3956D46DE8}") = "Server", "Server", "{9630E019-D51D-424C-90FF-56DFE0302B2B}"
EndProject
Project("{2150E333-8FDC-42A3-9474-1A3956D46DE8}") = "Sites", "Sites", "{E9CB29EC-FECB-4770-9113-8B4A8A0BC587}"
EndProject
Project("{2150E333-8FDC-42A3-9474-1A3956D46DE8}") = "Tools", "Tools", "{87F80724-B566-4089-9511-C7703C28B2F4}"
EndProject
Project("{9A19103F-16F7-4668-BE54-9A1E7A4F7556}") = "Bzway.Common.Share", "src\Common\Bzway.Common.Share\Bzway.Common.Share.csproj", "{1F754992-13CB-40F8-89C1-F4F7B9D38166}"
EndProject
Project("{9A19103F-16F7-4668-BE54-9A1E7A4F7556}") = "Bzway.Common.Script", "src\Common\Bzway.Common.Script\Bzway.Common.Script.csproj", "{C4F05E7D-46F0-4B8F-A457-9D5BD98FB626}"
EndProject
Project("{9A19103F-16F7-4668-BE54-9A1E7A4F7556}") = "Bzway.Common.Utility", "src\Common\Bzway.Common.Utility\Bzway.Common.Utility.csproj", "{D3A10611-3E72-4FA9-ABD6-AA753346A807}"
EndProject
Project("{9A19103F-16F7-4668-BE54-9A1E7A4F7556}") = "Bzway.Data.Core", "src\Data\Bzway.Data.Core\Bzway.Data.Core.csproj", "{3531115B-1D09-44A5-B313-95617CE09279}"
EndProject
Project("{9A19103F-16F7-4668-BE54-9A1E7A4F7556}") = "Bzway.Data.File", "src\Data\Bzway.Data.File\Bzway.Data.File.csproj", "{DAA35876-4F16-4A6B-B91C-0FE8686CBA57}"
EndProject
Project("{9A19103F-16F7-4668-BE54-9A1E7A4F7556}") = "Bzway.Data.Mongo", "src\Data\Bzway.Data.Mongo\Bzway.Data.Mongo.csproj", "{C583980D-97DD-4DF9-97DF-50613284252E}"
EndProject
Project("{9A19103F-16F7-4668-BE54-9A1E7A4F7556}") = "Bzway.Data.Sql", "src\Data\Bzway.Data.Sql\Bzway.Data.Sql.csproj", "{5EF66676-34BC-46BD-808F-D136E4128BF9}"
EndProject
Project("{9A19103F-16F7-4668-BE54-9A1E7A4F7556}") = "Bzway.Framework.Application", "src\Framework\Bzway.Framework.Application\Bzway.Framework.Application.csproj", "{1B9518AF-AC05-4582-B736-7E9AE2CE7D97}"
EndProject
Project("{9A19103F-16F7-4668-BE54-9A1E7A4F7556}") = "Bzway.Framework.Content", "src\Framework\Bzway.Framework.Content\Bzway.Framework.Content.csproj", "{D257D947-F730-4F8E-AB29-54441941D73E}"
EndProject
Project("{9A19103F-16F7-4668-BE54-9A1E7A4F7556}") = "Bzway.Module.MemberClub", "src\Modules\Bzway.Module.MemberClub\Bzway.Module.MemberClub.csproj", "{A537FF21-3384-4CF4-8621-E5E436F72226}"
EndProject
Project("{9A19103F-16F7-4668-BE54-9A1E7A4F7556}") = "Bzway.Module.Wechat", "src\Modules\Bzway.Module.Wechat\Bzway.Module.Wechat.csproj", "{D4CFBC00-7C31-475E-852A-1F209BDDB2AC}"
EndProject
Project("{9A19103F-16F7-4668-BE54-9A1E7A4F7556}") = "Bzway.Sites.BackOffice", "src\Sites\Bzway.Site.BackOffice\Bzway.Sites.BackOffice.csproj", "{710456CA-DE7E-467A-AA6A-BC1E7AE9A6FA}"
EndProject
Project("{9A19103F-16F7-4668-BE54-9A1E7A4F7556}") = "Data.Test", "src\Tools\Data.Test\Data.Test.csproj", "{DFB34B7A-F51E-487C-95D2-A9E572357E77}"
EndProject
Project("{9A19103F-16F7-4668-BE54-9A1E7A4F7556}") = "Bzway.Framework.Connect", "src\Framework\Bzway.Framework.Connect\Bzway.Framework.Connect.csproj", "{341BBE6A-158F-4CF3-96F4-AD5E945F7EB0}"
EndProject
Project("{9A19103F-16F7-4668-BE54-9A1E7A4F7556}") = "Bzway.Sites.FrontPage", "src\Sites\Bzway.Site.FrontPage\Bzway.Sites.FrontPage.csproj", "{40359073-E297-4704-B1B5-61DE8D17B873}"
EndProject
Project("{9A19103F-16F7-4668-BE54-9A1E7A4F7556}") = "Bzway.Server.Core", "src\Server\Bzway.Server.Core\Bzway.Server.Core.csproj", "{C2B76530-6D34-4215-89AB-9287A51312C6}"
EndProject
Project("{9A19103F-16F7-4668-BE54-9A1E7A4F7556}") = "Bzway.Server.Wechat", "src\Server\Bzway.Server.Wechat\Bzway.Server.Wechat.csproj", "{86556232-FDA7-4CE1-B15B-B9973A563266}"
EndProject
Project("{9A19103F-16F7-4668-BE54-9A1E7A4F7556}") = "Bzway.Framework.StaticFile", "src\Framework\Bzway.Framework.StaticFile\Bzway.Framework.StaticFile.csproj", "{E64F7676-BE23-44BF-9D64-A9F07C439BEC}"
EndProject
Project("{9A19103F-16F7-4668-BE54-9A1E7A4F7556}") = "Common.Tests", "src\Tools\Common.Tests\Common.Tests.csproj", "{352E725D-AFC2-494A-950D-9F550D8D55C9}"
EndProject
Project("{2150E333-8FDC-42A3-9474-1A3956D46DE8}") = "Database", "Database", "{0AC309A9-131B-448F-848E-2CEFEBAABACB}"
EndProject
Project("{9A19103F-16F7-4668-BE54-9A1E7A4F7556}") = "Bzway.Database.Core", "src\Database\Bzway.Database.Core\Bzway.Database.Core.csproj", "{0038AF4B-4FE7-485A-90B9-9E6FA1AB77EE}"
EndProject
Project("{9A19103F-16F7-4668-BE54-9A1E7A4F7556}") = "Bzway.Database.File", "src\Database\Bzway.Database.File\Bzway.Database.File.csproj", "{B0357DBB-A2F5-46C4-8BD8-80E59CF687A0}"
EndProject
Project("{9A19103F-16F7-4668-BE54-9A1E7A4F7556}") = "Bzway.Database.Mongo", "src\Database\Bzway.Database.Mongo\Bzway.Database.Mongo.csproj", "{73283944-63E7-42CA-9783-E063F3467FFD}"
EndProject
Project("{9A19103F-16F7-4668-BE54-9A1E7A4F7556}") = "Bzway.Tools.Grok.Core", "src\Tools\Grok.Core\Bzway.Tools.Grok.Core.csproj", "{9CAD55E5-F3FE-4452-980F-94696FD9A113}"
EndProject
Project("{9A19103F-16F7-4668-BE54-9A1E7A4F7556}") = "Bzway.Tools.ETL", "src\Tools\ETL\Bzway.Tools.ETL.csproj", "{D3B0EB2A-D7FB-42AE-9FC3-70192CA91FDA}"
EndProject
Project("{E53339B2-1760-4266-BCC7-CA923CBCF16C}") = "docker-compose", "docker-compose.dcproj", "{186172A2-7BD9-416E-AE46-086A3B84C1FC}"
EndProject
Project("{9A19103F-16F7-4668-BE54-9A1E7A4F7556}") = "AutoCode", "src\Tools\AutoCode\AutoCode.csproj", "{8DB75849-59D1-45F7-BFB7-11D68398F3E0}"
EndProject
Project("{9A19103F-16F7-4668-BE54-9A1E7A4F7556}") = "Bzway.Framework.Scheduler", "src\Framework\Bzway.Framework.Scheduler\Bzway.Framework.Scheduler.csproj", "{1E1EF138-9946-4D53-8EE1-6741F11C10F8}"
EndProject
Global
	GlobalSection(SolutionConfigurationPlatforms) = preSolution
		Debug|Any CPU = Debug|Any CPU
		Debug|x64 = Debug|x64
		Debug|x86 = Debug|x86
		Release|Any CPU = Release|Any CPU
		Release|x64 = Release|x64
		Release|x86 = Release|x86
	EndGlobalSection
	GlobalSection(ProjectConfigurationPlatforms) = postSolution
		{1F754992-13CB-40F8-89C1-F4F7B9D38166}.Debug|Any CPU.ActiveCfg = Debug|Any CPU
		{1F754992-13CB-40F8-89C1-F4F7B9D38166}.Debug|Any CPU.Build.0 = Debug|Any CPU
		{1F754992-13CB-40F8-89C1-F4F7B9D38166}.Debug|x64.ActiveCfg = Debug|Any CPU
		{1F754992-13CB-40F8-89C1-F4F7B9D38166}.Debug|x64.Build.0 = Debug|Any CPU
		{1F754992-13CB-40F8-89C1-F4F7B9D38166}.Debug|x86.ActiveCfg = Debug|Any CPU
		{1F754992-13CB-40F8-89C1-F4F7B9D38166}.Debug|x86.Build.0 = Debug|Any CPU
		{1F754992-13CB-40F8-89C1-F4F7B9D38166}.Release|Any CPU.ActiveCfg = Release|Any CPU
		{1F754992-13CB-40F8-89C1-F4F7B9D38166}.Release|Any CPU.Build.0 = Release|Any CPU
		{1F754992-13CB-40F8-89C1-F4F7B9D38166}.Release|x64.ActiveCfg = Release|Any CPU
		{1F754992-13CB-40F8-89C1-F4F7B9D38166}.Release|x64.Build.0 = Release|Any CPU
		{1F754992-13CB-40F8-89C1-F4F7B9D38166}.Release|x86.ActiveCfg = Release|Any CPU
		{1F754992-13CB-40F8-89C1-F4F7B9D38166}.Release|x86.Build.0 = Release|Any CPU
		{C4F05E7D-46F0-4B8F-A457-9D5BD98FB626}.Debug|Any CPU.ActiveCfg = Debug|Any CPU
		{C4F05E7D-46F0-4B8F-A457-9D5BD98FB626}.Debug|Any CPU.Build.0 = Debug|Any CPU
		{C4F05E7D-46F0-4B8F-A457-9D5BD98FB626}.Debug|x64.ActiveCfg = Debug|Any CPU
		{C4F05E7D-46F0-4B8F-A457-9D5BD98FB626}.Debug|x64.Build.0 = Debug|Any CPU
		{C4F05E7D-46F0-4B8F-A457-9D5BD98FB626}.Debug|x86.ActiveCfg = Debug|Any CPU
		{C4F05E7D-46F0-4B8F-A457-9D5BD98FB626}.Debug|x86.Build.0 = Debug|Any CPU
		{C4F05E7D-46F0-4B8F-A457-9D5BD98FB626}.Release|Any CPU.ActiveCfg = Release|Any CPU
		{C4F05E7D-46F0-4B8F-A457-9D5BD98FB626}.Release|Any CPU.Build.0 = Release|Any CPU
		{C4F05E7D-46F0-4B8F-A457-9D5BD98FB626}.Release|x64.ActiveCfg = Release|Any CPU
		{C4F05E7D-46F0-4B8F-A457-9D5BD98FB626}.Release|x64.Build.0 = Release|Any CPU
		{C4F05E7D-46F0-4B8F-A457-9D5BD98FB626}.Release|x86.ActiveCfg = Release|Any CPU
		{C4F05E7D-46F0-4B8F-A457-9D5BD98FB626}.Release|x86.Build.0 = Release|Any CPU
		{D3A10611-3E72-4FA9-ABD6-AA753346A807}.Debug|Any CPU.ActiveCfg = Debug|Any CPU
		{D3A10611-3E72-4FA9-ABD6-AA753346A807}.Debug|Any CPU.Build.0 = Debug|Any CPU
		{D3A10611-3E72-4FA9-ABD6-AA753346A807}.Debug|x64.ActiveCfg = Debug|Any CPU
		{D3A10611-3E72-4FA9-ABD6-AA753346A807}.Debug|x64.Build.0 = Debug|Any CPU
		{D3A10611-3E72-4FA9-ABD6-AA753346A807}.Debug|x86.ActiveCfg = Debug|Any CPU
		{D3A10611-3E72-4FA9-ABD6-AA753346A807}.Debug|x86.Build.0 = Debug|Any CPU
		{D3A10611-3E72-4FA9-ABD6-AA753346A807}.Release|Any CPU.ActiveCfg = Release|Any CPU
		{D3A10611-3E72-4FA9-ABD6-AA753346A807}.Release|Any CPU.Build.0 = Release|Any CPU
		{D3A10611-3E72-4FA9-ABD6-AA753346A807}.Release|x64.ActiveCfg = Release|Any CPU
		{D3A10611-3E72-4FA9-ABD6-AA753346A807}.Release|x64.Build.0 = Release|Any CPU
		{D3A10611-3E72-4FA9-ABD6-AA753346A807}.Release|x86.ActiveCfg = Release|Any CPU
		{D3A10611-3E72-4FA9-ABD6-AA753346A807}.Release|x86.Build.0 = Release|Any CPU
		{3531115B-1D09-44A5-B313-95617CE09279}.Debug|Any CPU.ActiveCfg = Debug|Any CPU
		{3531115B-1D09-44A5-B313-95617CE09279}.Debug|Any CPU.Build.0 = Debug|Any CPU
		{3531115B-1D09-44A5-B313-95617CE09279}.Debug|x64.ActiveCfg = Debug|Any CPU
		{3531115B-1D09-44A5-B313-95617CE09279}.Debug|x64.Build.0 = Debug|Any CPU
		{3531115B-1D09-44A5-B313-95617CE09279}.Debug|x86.ActiveCfg = Debug|Any CPU
		{3531115B-1D09-44A5-B313-95617CE09279}.Debug|x86.Build.0 = Debug|Any CPU
		{3531115B-1D09-44A5-B313-95617CE09279}.Release|Any CPU.ActiveCfg = Release|Any CPU
		{3531115B-1D09-44A5-B313-95617CE09279}.Release|Any CPU.Build.0 = Release|Any CPU
		{3531115B-1D09-44A5-B313-95617CE09279}.Release|x64.ActiveCfg = Release|Any CPU
		{3531115B-1D09-44A5-B313-95617CE09279}.Release|x64.Build.0 = Release|Any CPU
		{3531115B-1D09-44A5-B313-95617CE09279}.Release|x86.ActiveCfg = Release|Any CPU
		{3531115B-1D09-44A5-B313-95617CE09279}.Release|x86.Build.0 = Release|Any CPU
		{DAA35876-4F16-4A6B-B91C-0FE8686CBA57}.Debug|Any CPU.ActiveCfg = Debug|Any CPU
		{DAA35876-4F16-4A6B-B91C-0FE8686CBA57}.Debug|Any CPU.Build.0 = Debug|Any CPU
		{DAA35876-4F16-4A6B-B91C-0FE8686CBA57}.Debug|x64.ActiveCfg = Debug|Any CPU
		{DAA35876-4F16-4A6B-B91C-0FE8686CBA57}.Debug|x64.Build.0 = Debug|Any CPU
		{DAA35876-4F16-4A6B-B91C-0FE8686CBA57}.Debug|x86.ActiveCfg = Debug|Any CPU
		{DAA35876-4F16-4A6B-B91C-0FE8686CBA57}.Debug|x86.Build.0 = Debug|Any CPU
		{DAA35876-4F16-4A6B-B91C-0FE8686CBA57}.Release|Any CPU.ActiveCfg = Release|Any CPU
		{DAA35876-4F16-4A6B-B91C-0FE8686CBA57}.Release|Any CPU.Build.0 = Release|Any CPU
		{DAA35876-4F16-4A6B-B91C-0FE8686CBA57}.Release|x64.ActiveCfg = Release|Any CPU
		{DAA35876-4F16-4A6B-B91C-0FE8686CBA57}.Release|x64.Build.0 = Release|Any CPU
		{DAA35876-4F16-4A6B-B91C-0FE8686CBA57}.Release|x86.ActiveCfg = Release|Any CPU
		{DAA35876-4F16-4A6B-B91C-0FE8686CBA57}.Release|x86.Build.0 = Release|Any CPU
		{C583980D-97DD-4DF9-97DF-50613284252E}.Debug|Any CPU.ActiveCfg = Debug|Any CPU
		{C583980D-97DD-4DF9-97DF-50613284252E}.Debug|Any CPU.Build.0 = Debug|Any CPU
		{C583980D-97DD-4DF9-97DF-50613284252E}.Debug|x64.ActiveCfg = Debug|Any CPU
		{C583980D-97DD-4DF9-97DF-50613284252E}.Debug|x64.Build.0 = Debug|Any CPU
		{C583980D-97DD-4DF9-97DF-50613284252E}.Debug|x86.ActiveCfg = Debug|Any CPU
		{C583980D-97DD-4DF9-97DF-50613284252E}.Debug|x86.Build.0 = Debug|Any CPU
		{C583980D-97DD-4DF9-97DF-50613284252E}.Release|Any CPU.ActiveCfg = Release|Any CPU
		{C583980D-97DD-4DF9-97DF-50613284252E}.Release|Any CPU.Build.0 = Release|Any CPU
		{C583980D-97DD-4DF9-97DF-50613284252E}.Release|x64.ActiveCfg = Release|Any CPU
		{C583980D-97DD-4DF9-97DF-50613284252E}.Release|x64.Build.0 = Release|Any CPU
		{C583980D-97DD-4DF9-97DF-50613284252E}.Release|x86.ActiveCfg = Release|Any CPU
		{C583980D-97DD-4DF9-97DF-50613284252E}.Release|x86.Build.0 = Release|Any CPU
		{5EF66676-34BC-46BD-808F-D136E4128BF9}.Debug|Any CPU.ActiveCfg = Debug|Any CPU
		{5EF66676-34BC-46BD-808F-D136E4128BF9}.Debug|Any CPU.Build.0 = Debug|Any CPU
		{5EF66676-34BC-46BD-808F-D136E4128BF9}.Debug|x64.ActiveCfg = Debug|Any CPU
		{5EF66676-34BC-46BD-808F-D136E4128BF9}.Debug|x64.Build.0 = Debug|Any CPU
		{5EF66676-34BC-46BD-808F-D136E4128BF9}.Debug|x86.ActiveCfg = Debug|Any CPU
		{5EF66676-34BC-46BD-808F-D136E4128BF9}.Debug|x86.Build.0 = Debug|Any CPU
		{5EF66676-34BC-46BD-808F-D136E4128BF9}.Release|Any CPU.ActiveCfg = Release|Any CPU
		{5EF66676-34BC-46BD-808F-D136E4128BF9}.Release|Any CPU.Build.0 = Release|Any CPU
		{5EF66676-34BC-46BD-808F-D136E4128BF9}.Release|x64.ActiveCfg = Release|Any CPU
		{5EF66676-34BC-46BD-808F-D136E4128BF9}.Release|x64.Build.0 = Release|Any CPU
		{5EF66676-34BC-46BD-808F-D136E4128BF9}.Release|x86.ActiveCfg = Release|Any CPU
		{5EF66676-34BC-46BD-808F-D136E4128BF9}.Release|x86.Build.0 = Release|Any CPU
		{1B9518AF-AC05-4582-B736-7E9AE2CE7D97}.Debug|Any CPU.ActiveCfg = Debug|Any CPU
		{1B9518AF-AC05-4582-B736-7E9AE2CE7D97}.Debug|Any CPU.Build.0 = Debug|Any CPU
		{1B9518AF-AC05-4582-B736-7E9AE2CE7D97}.Debug|x64.ActiveCfg = Debug|Any CPU
		{1B9518AF-AC05-4582-B736-7E9AE2CE7D97}.Debug|x64.Build.0 = Debug|Any CPU
		{1B9518AF-AC05-4582-B736-7E9AE2CE7D97}.Debug|x86.ActiveCfg = Debug|Any CPU
		{1B9518AF-AC05-4582-B736-7E9AE2CE7D97}.Debug|x86.Build.0 = Debug|Any CPU
		{1B9518AF-AC05-4582-B736-7E9AE2CE7D97}.Release|Any CPU.ActiveCfg = Release|Any CPU
		{1B9518AF-AC05-4582-B736-7E9AE2CE7D97}.Release|Any CPU.Build.0 = Release|Any CPU
		{1B9518AF-AC05-4582-B736-7E9AE2CE7D97}.Release|x64.ActiveCfg = Release|Any CPU
		{1B9518AF-AC05-4582-B736-7E9AE2CE7D97}.Release|x64.Build.0 = Release|Any CPU
		{1B9518AF-AC05-4582-B736-7E9AE2CE7D97}.Release|x86.ActiveCfg = Release|Any CPU
		{1B9518AF-AC05-4582-B736-7E9AE2CE7D97}.Release|x86.Build.0 = Release|Any CPU
		{D257D947-F730-4F8E-AB29-54441941D73E}.Debug|Any CPU.ActiveCfg = Debug|Any CPU
		{D257D947-F730-4F8E-AB29-54441941D73E}.Debug|Any CPU.Build.0 = Debug|Any CPU
		{D257D947-F730-4F8E-AB29-54441941D73E}.Debug|x64.ActiveCfg = Debug|Any CPU
		{D257D947-F730-4F8E-AB29-54441941D73E}.Debug|x64.Build.0 = Debug|Any CPU
		{D257D947-F730-4F8E-AB29-54441941D73E}.Debug|x86.ActiveCfg = Debug|Any CPU
		{D257D947-F730-4F8E-AB29-54441941D73E}.Debug|x86.Build.0 = Debug|Any CPU
		{D257D947-F730-4F8E-AB29-54441941D73E}.Release|Any CPU.ActiveCfg = Release|Any CPU
		{D257D947-F730-4F8E-AB29-54441941D73E}.Release|Any CPU.Build.0 = Release|Any CPU
		{D257D947-F730-4F8E-AB29-54441941D73E}.Release|x64.ActiveCfg = Release|Any CPU
		{D257D947-F730-4F8E-AB29-54441941D73E}.Release|x64.Build.0 = Release|Any CPU
		{D257D947-F730-4F8E-AB29-54441941D73E}.Release|x86.ActiveCfg = Release|Any CPU
		{D257D947-F730-4F8E-AB29-54441941D73E}.Release|x86.Build.0 = Release|Any CPU
		{A537FF21-3384-4CF4-8621-E5E436F72226}.Debug|Any CPU.ActiveCfg = Debug|Any CPU
		{A537FF21-3384-4CF4-8621-E5E436F72226}.Debug|Any CPU.Build.0 = Debug|Any CPU
		{A537FF21-3384-4CF4-8621-E5E436F72226}.Debug|x64.ActiveCfg = Debug|Any CPU
		{A537FF21-3384-4CF4-8621-E5E436F72226}.Debug|x64.Build.0 = Debug|Any CPU
		{A537FF21-3384-4CF4-8621-E5E436F72226}.Debug|x86.ActiveCfg = Debug|Any CPU
		{A537FF21-3384-4CF4-8621-E5E436F72226}.Debug|x86.Build.0 = Debug|Any CPU
		{A537FF21-3384-4CF4-8621-E5E436F72226}.Release|Any CPU.ActiveCfg = Release|Any CPU
		{A537FF21-3384-4CF4-8621-E5E436F72226}.Release|Any CPU.Build.0 = Release|Any CPU
		{A537FF21-3384-4CF4-8621-E5E436F72226}.Release|x64.ActiveCfg = Release|Any CPU
		{A537FF21-3384-4CF4-8621-E5E436F72226}.Release|x64.Build.0 = Release|Any CPU
		{A537FF21-3384-4CF4-8621-E5E436F72226}.Release|x86.ActiveCfg = Release|Any CPU
		{A537FF21-3384-4CF4-8621-E5E436F72226}.Release|x86.Build.0 = Release|Any CPU
		{D4CFBC00-7C31-475E-852A-1F209BDDB2AC}.Debug|Any CPU.ActiveCfg = Debug|Any CPU
		{D4CFBC00-7C31-475E-852A-1F209BDDB2AC}.Debug|Any CPU.Build.0 = Debug|Any CPU
		{D4CFBC00-7C31-475E-852A-1F209BDDB2AC}.Debug|x64.ActiveCfg = Debug|Any CPU
		{D4CFBC00-7C31-475E-852A-1F209BDDB2AC}.Debug|x64.Build.0 = Debug|Any CPU
		{D4CFBC00-7C31-475E-852A-1F209BDDB2AC}.Debug|x86.ActiveCfg = Debug|Any CPU
		{D4CFBC00-7C31-475E-852A-1F209BDDB2AC}.Debug|x86.Build.0 = Debug|Any CPU
		{D4CFBC00-7C31-475E-852A-1F209BDDB2AC}.Release|Any CPU.ActiveCfg = Release|Any CPU
		{D4CFBC00-7C31-475E-852A-1F209BDDB2AC}.Release|Any CPU.Build.0 = Release|Any CPU
		{D4CFBC00-7C31-475E-852A-1F209BDDB2AC}.Release|x64.ActiveCfg = Release|Any CPU
		{D4CFBC00-7C31-475E-852A-1F209BDDB2AC}.Release|x64.Build.0 = Release|Any CPU
		{D4CFBC00-7C31-475E-852A-1F209BDDB2AC}.Release|x86.ActiveCfg = Release|Any CPU
		{D4CFBC00-7C31-475E-852A-1F209BDDB2AC}.Release|x86.Build.0 = Release|Any CPU
		{710456CA-DE7E-467A-AA6A-BC1E7AE9A6FA}.Debug|Any CPU.ActiveCfg = Debug|Any CPU
		{710456CA-DE7E-467A-AA6A-BC1E7AE9A6FA}.Debug|Any CPU.Build.0 = Debug|Any CPU
		{710456CA-DE7E-467A-AA6A-BC1E7AE9A6FA}.Debug|x64.ActiveCfg = Debug|Any CPU
		{710456CA-DE7E-467A-AA6A-BC1E7AE9A6FA}.Debug|x64.Build.0 = Debug|Any CPU
		{710456CA-DE7E-467A-AA6A-BC1E7AE9A6FA}.Debug|x86.ActiveCfg = Debug|Any CPU
		{710456CA-DE7E-467A-AA6A-BC1E7AE9A6FA}.Debug|x86.Build.0 = Debug|Any CPU
		{710456CA-DE7E-467A-AA6A-BC1E7AE9A6FA}.Release|Any CPU.ActiveCfg = Release|Any CPU
		{710456CA-DE7E-467A-AA6A-BC1E7AE9A6FA}.Release|Any CPU.Build.0 = Release|Any CPU
		{710456CA-DE7E-467A-AA6A-BC1E7AE9A6FA}.Release|x64.ActiveCfg = Release|Any CPU
		{710456CA-DE7E-467A-AA6A-BC1E7AE9A6FA}.Release|x64.Build.0 = Release|Any CPU
		{710456CA-DE7E-467A-AA6A-BC1E7AE9A6FA}.Release|x86.ActiveCfg = Release|Any CPU
		{710456CA-DE7E-467A-AA6A-BC1E7AE9A6FA}.Release|x86.Build.0 = Release|Any CPU
		{DFB34B7A-F51E-487C-95D2-A9E572357E77}.Debug|Any CPU.ActiveCfg = Debug|Any CPU
		{DFB34B7A-F51E-487C-95D2-A9E572357E77}.Debug|Any CPU.Build.0 = Debug|Any CPU
		{DFB34B7A-F51E-487C-95D2-A9E572357E77}.Debug|x64.ActiveCfg = Debug|Any CPU
		{DFB34B7A-F51E-487C-95D2-A9E572357E77}.Debug|x64.Build.0 = Debug|Any CPU
		{DFB34B7A-F51E-487C-95D2-A9E572357E77}.Debug|x86.ActiveCfg = Debug|Any CPU
		{DFB34B7A-F51E-487C-95D2-A9E572357E77}.Debug|x86.Build.0 = Debug|Any CPU
		{DFB34B7A-F51E-487C-95D2-A9E572357E77}.Release|Any CPU.ActiveCfg = Release|Any CPU
		{DFB34B7A-F51E-487C-95D2-A9E572357E77}.Release|Any CPU.Build.0 = Release|Any CPU
		{DFB34B7A-F51E-487C-95D2-A9E572357E77}.Release|x64.ActiveCfg = Release|Any CPU
		{DFB34B7A-F51E-487C-95D2-A9E572357E77}.Release|x64.Build.0 = Release|Any CPU
		{DFB34B7A-F51E-487C-95D2-A9E572357E77}.Release|x86.ActiveCfg = Release|Any CPU
		{DFB34B7A-F51E-487C-95D2-A9E572357E77}.Release|x86.Build.0 = Release|Any CPU
		{341BBE6A-158F-4CF3-96F4-AD5E945F7EB0}.Debug|Any CPU.ActiveCfg = Debug|Any CPU
		{341BBE6A-158F-4CF3-96F4-AD5E945F7EB0}.Debug|Any CPU.Build.0 = Debug|Any CPU
		{341BBE6A-158F-4CF3-96F4-AD5E945F7EB0}.Debug|x64.ActiveCfg = Debug|Any CPU
		{341BBE6A-158F-4CF3-96F4-AD5E945F7EB0}.Debug|x64.Build.0 = Debug|Any CPU
		{341BBE6A-158F-4CF3-96F4-AD5E945F7EB0}.Debug|x86.ActiveCfg = Debug|Any CPU
		{341BBE6A-158F-4CF3-96F4-AD5E945F7EB0}.Debug|x86.Build.0 = Debug|Any CPU
		{341BBE6A-158F-4CF3-96F4-AD5E945F7EB0}.Release|Any CPU.ActiveCfg = Release|Any CPU
		{341BBE6A-158F-4CF3-96F4-AD5E945F7EB0}.Release|Any CPU.Build.0 = Release|Any CPU
		{341BBE6A-158F-4CF3-96F4-AD5E945F7EB0}.Release|x64.ActiveCfg = Release|Any CPU
		{341BBE6A-158F-4CF3-96F4-AD5E945F7EB0}.Release|x64.Build.0 = Release|Any CPU
		{341BBE6A-158F-4CF3-96F4-AD5E945F7EB0}.Release|x86.ActiveCfg = Release|Any CPU
		{341BBE6A-158F-4CF3-96F4-AD5E945F7EB0}.Release|x86.Build.0 = Release|Any CPU
		{40359073-E297-4704-B1B5-61DE8D17B873}.Debug|Any CPU.ActiveCfg = Debug|Any CPU
		{40359073-E297-4704-B1B5-61DE8D17B873}.Debug|Any CPU.Build.0 = Debug|Any CPU
		{40359073-E297-4704-B1B5-61DE8D17B873}.Debug|x64.ActiveCfg = Debug|Any CPU
		{40359073-E297-4704-B1B5-61DE8D17B873}.Debug|x64.Build.0 = Debug|Any CPU
		{40359073-E297-4704-B1B5-61DE8D17B873}.Debug|x86.ActiveCfg = Debug|Any CPU
		{40359073-E297-4704-B1B5-61DE8D17B873}.Debug|x86.Build.0 = Debug|Any CPU
		{40359073-E297-4704-B1B5-61DE8D17B873}.Release|Any CPU.ActiveCfg = Release|Any CPU
		{40359073-E297-4704-B1B5-61DE8D17B873}.Release|Any CPU.Build.0 = Release|Any CPU
		{40359073-E297-4704-B1B5-61DE8D17B873}.Release|x64.ActiveCfg = Release|Any CPU
		{40359073-E297-4704-B1B5-61DE8D17B873}.Release|x64.Build.0 = Release|Any CPU
		{40359073-E297-4704-B1B5-61DE8D17B873}.Release|x86.ActiveCfg = Release|Any CPU
		{40359073-E297-4704-B1B5-61DE8D17B873}.Release|x86.Build.0 = Release|Any CPU
		{C2B76530-6D34-4215-89AB-9287A51312C6}.Debug|Any CPU.ActiveCfg = Debug|Any CPU
		{C2B76530-6D34-4215-89AB-9287A51312C6}.Debug|Any CPU.Build.0 = Debug|Any CPU
		{C2B76530-6D34-4215-89AB-9287A51312C6}.Debug|x64.ActiveCfg = Debug|Any CPU
		{C2B76530-6D34-4215-89AB-9287A51312C6}.Debug|x64.Build.0 = Debug|Any CPU
		{C2B76530-6D34-4215-89AB-9287A51312C6}.Debug|x86.ActiveCfg = Debug|Any CPU
		{C2B76530-6D34-4215-89AB-9287A51312C6}.Debug|x86.Build.0 = Debug|Any CPU
		{C2B76530-6D34-4215-89AB-9287A51312C6}.Release|Any CPU.ActiveCfg = Release|Any CPU
		{C2B76530-6D34-4215-89AB-9287A51312C6}.Release|Any CPU.Build.0 = Release|Any CPU
		{C2B76530-6D34-4215-89AB-9287A51312C6}.Release|x64.ActiveCfg = Release|Any CPU
		{C2B76530-6D34-4215-89AB-9287A51312C6}.Release|x64.Build.0 = Release|Any CPU
		{C2B76530-6D34-4215-89AB-9287A51312C6}.Release|x86.ActiveCfg = Release|Any CPU
		{C2B76530-6D34-4215-89AB-9287A51312C6}.Release|x86.Build.0 = Release|Any CPU
		{86556232-FDA7-4CE1-B15B-B9973A563266}.Debug|Any CPU.ActiveCfg = Debug|Any CPU
		{86556232-FDA7-4CE1-B15B-B9973A563266}.Debug|Any CPU.Build.0 = Debug|Any CPU
		{86556232-FDA7-4CE1-B15B-B9973A563266}.Debug|x64.ActiveCfg = Debug|Any CPU
		{86556232-FDA7-4CE1-B15B-B9973A563266}.Debug|x64.Build.0 = Debug|Any CPU
		{86556232-FDA7-4CE1-B15B-B9973A563266}.Debug|x86.ActiveCfg = Debug|Any CPU
		{86556232-FDA7-4CE1-B15B-B9973A563266}.Debug|x86.Build.0 = Debug|Any CPU
		{86556232-FDA7-4CE1-B15B-B9973A563266}.Release|Any CPU.ActiveCfg = Release|Any CPU
		{86556232-FDA7-4CE1-B15B-B9973A563266}.Release|Any CPU.Build.0 = Release|Any CPU
		{86556232-FDA7-4CE1-B15B-B9973A563266}.Release|x64.ActiveCfg = Release|Any CPU
		{86556232-FDA7-4CE1-B15B-B9973A563266}.Release|x64.Build.0 = Release|Any CPU
		{86556232-FDA7-4CE1-B15B-B9973A563266}.Release|x86.ActiveCfg = Release|Any CPU
		{86556232-FDA7-4CE1-B15B-B9973A563266}.Release|x86.Build.0 = Release|Any CPU
		{E64F7676-BE23-44BF-9D64-A9F07C439BEC}.Debug|Any CPU.ActiveCfg = Debug|Any CPU
		{E64F7676-BE23-44BF-9D64-A9F07C439BEC}.Debug|Any CPU.Build.0 = Debug|Any CPU
		{E64F7676-BE23-44BF-9D64-A9F07C439BEC}.Debug|x64.ActiveCfg = Debug|Any CPU
		{E64F7676-BE23-44BF-9D64-A9F07C439BEC}.Debug|x64.Build.0 = Debug|Any CPU
		{E64F7676-BE23-44BF-9D64-A9F07C439BEC}.Debug|x86.ActiveCfg = Debug|Any CPU
		{E64F7676-BE23-44BF-9D64-A9F07C439BEC}.Debug|x86.Build.0 = Debug|Any CPU
		{E64F7676-BE23-44BF-9D64-A9F07C439BEC}.Release|Any CPU.ActiveCfg = Release|Any CPU
		{E64F7676-BE23-44BF-9D64-A9F07C439BEC}.Release|Any CPU.Build.0 = Release|Any CPU
		{E64F7676-BE23-44BF-9D64-A9F07C439BEC}.Release|x64.ActiveCfg = Release|Any CPU
		{E64F7676-BE23-44BF-9D64-A9F07C439BEC}.Release|x64.Build.0 = Release|Any CPU
		{E64F7676-BE23-44BF-9D64-A9F07C439BEC}.Release|x86.ActiveCfg = Release|Any CPU
		{E64F7676-BE23-44BF-9D64-A9F07C439BEC}.Release|x86.Build.0 = Release|Any CPU
		{352E725D-AFC2-494A-950D-9F550D8D55C9}.Debug|Any CPU.ActiveCfg = Debug|Any CPU
		{352E725D-AFC2-494A-950D-9F550D8D55C9}.Debug|Any CPU.Build.0 = Debug|Any CPU
		{352E725D-AFC2-494A-950D-9F550D8D55C9}.Debug|x64.ActiveCfg = Debug|Any CPU
		{352E725D-AFC2-494A-950D-9F550D8D55C9}.Debug|x64.Build.0 = Debug|Any CPU
		{352E725D-AFC2-494A-950D-9F550D8D55C9}.Debug|x86.ActiveCfg = Debug|Any CPU
		{352E725D-AFC2-494A-950D-9F550D8D55C9}.Debug|x86.Build.0 = Debug|Any CPU
		{352E725D-AFC2-494A-950D-9F550D8D55C9}.Release|Any CPU.ActiveCfg = Release|Any CPU
		{352E725D-AFC2-494A-950D-9F550D8D55C9}.Release|Any CPU.Build.0 = Release|Any CPU
		{352E725D-AFC2-494A-950D-9F550D8D55C9}.Release|x64.ActiveCfg = Release|Any CPU
		{352E725D-AFC2-494A-950D-9F550D8D55C9}.Release|x64.Build.0 = Release|Any CPU
		{352E725D-AFC2-494A-950D-9F550D8D55C9}.Release|x86.ActiveCfg = Release|Any CPU
		{352E725D-AFC2-494A-950D-9F550D8D55C9}.Release|x86.Build.0 = Release|Any CPU
		{0038AF4B-4FE7-485A-90B9-9E6FA1AB77EE}.Debug|Any CPU.ActiveCfg = Debug|Any CPU
		{0038AF4B-4FE7-485A-90B9-9E6FA1AB77EE}.Debug|Any CPU.Build.0 = Debug|Any CPU
		{0038AF4B-4FE7-485A-90B9-9E6FA1AB77EE}.Debug|x64.ActiveCfg = Debug|Any CPU
		{0038AF4B-4FE7-485A-90B9-9E6FA1AB77EE}.Debug|x64.Build.0 = Debug|Any CPU
		{0038AF4B-4FE7-485A-90B9-9E6FA1AB77EE}.Debug|x86.ActiveCfg = Debug|Any CPU
		{0038AF4B-4FE7-485A-90B9-9E6FA1AB77EE}.Debug|x86.Build.0 = Debug|Any CPU
		{0038AF4B-4FE7-485A-90B9-9E6FA1AB77EE}.Release|Any CPU.ActiveCfg = Release|Any CPU
		{0038AF4B-4FE7-485A-90B9-9E6FA1AB77EE}.Release|Any CPU.Build.0 = Release|Any CPU
		{0038AF4B-4FE7-485A-90B9-9E6FA1AB77EE}.Release|x64.ActiveCfg = Release|Any CPU
		{0038AF4B-4FE7-485A-90B9-9E6FA1AB77EE}.Release|x64.Build.0 = Release|Any CPU
		{0038AF4B-4FE7-485A-90B9-9E6FA1AB77EE}.Release|x86.ActiveCfg = Release|Any CPU
		{0038AF4B-4FE7-485A-90B9-9E6FA1AB77EE}.Release|x86.Build.0 = Release|Any CPU
		{B0357DBB-A2F5-46C4-8BD8-80E59CF687A0}.Debug|Any CPU.ActiveCfg = Debug|Any CPU
		{B0357DBB-A2F5-46C4-8BD8-80E59CF687A0}.Debug|Any CPU.Build.0 = Debug|Any CPU
		{B0357DBB-A2F5-46C4-8BD8-80E59CF687A0}.Debug|x64.ActiveCfg = Debug|Any CPU
		{B0357DBB-A2F5-46C4-8BD8-80E59CF687A0}.Debug|x64.Build.0 = Debug|Any CPU
		{B0357DBB-A2F5-46C4-8BD8-80E59CF687A0}.Debug|x86.ActiveCfg = Debug|Any CPU
		{B0357DBB-A2F5-46C4-8BD8-80E59CF687A0}.Debug|x86.Build.0 = Debug|Any CPU
		{B0357DBB-A2F5-46C4-8BD8-80E59CF687A0}.Release|Any CPU.ActiveCfg = Release|Any CPU
		{B0357DBB-A2F5-46C4-8BD8-80E59CF687A0}.Release|Any CPU.Build.0 = Release|Any CPU
		{B0357DBB-A2F5-46C4-8BD8-80E59CF687A0}.Release|x64.ActiveCfg = Release|Any CPU
		{B0357DBB-A2F5-46C4-8BD8-80E59CF687A0}.Release|x64.Build.0 = Release|Any CPU
		{B0357DBB-A2F5-46C4-8BD8-80E59CF687A0}.Release|x86.ActiveCfg = Release|Any CPU
		{B0357DBB-A2F5-46C4-8BD8-80E59CF687A0}.Release|x86.Build.0 = Release|Any CPU
		{73283944-63E7-42CA-9783-E063F3467FFD}.Debug|Any CPU.ActiveCfg = Debug|Any CPU
		{73283944-63E7-42CA-9783-E063F3467FFD}.Debug|Any CPU.Build.0 = Debug|Any CPU
		{73283944-63E7-42CA-9783-E063F3467FFD}.Debug|x64.ActiveCfg = Debug|Any CPU
		{73283944-63E7-42CA-9783-E063F3467FFD}.Debug|x64.Build.0 = Debug|Any CPU
		{73283944-63E7-42CA-9783-E063F3467FFD}.Debug|x86.ActiveCfg = Debug|Any CPU
		{73283944-63E7-42CA-9783-E063F3467FFD}.Debug|x86.Build.0 = Debug|Any CPU
		{73283944-63E7-42CA-9783-E063F3467FFD}.Release|Any CPU.ActiveCfg = Release|Any CPU
		{73283944-63E7-42CA-9783-E063F3467FFD}.Release|Any CPU.Build.0 = Release|Any CPU
		{73283944-63E7-42CA-9783-E063F3467FFD}.Release|x64.ActiveCfg = Release|Any CPU
		{73283944-63E7-42CA-9783-E063F3467FFD}.Release|x64.Build.0 = Release|Any CPU
		{73283944-63E7-42CA-9783-E063F3467FFD}.Release|x86.ActiveCfg = Release|Any CPU
		{73283944-63E7-42CA-9783-E063F3467FFD}.Release|x86.Build.0 = Release|Any CPU
		{9CAD55E5-F3FE-4452-980F-94696FD9A113}.Debug|Any CPU.ActiveCfg = Debug|Any CPU
		{9CAD55E5-F3FE-4452-980F-94696FD9A113}.Debug|Any CPU.Build.0 = Debug|Any CPU
		{9CAD55E5-F3FE-4452-980F-94696FD9A113}.Debug|x64.ActiveCfg = Debug|Any CPU
		{9CAD55E5-F3FE-4452-980F-94696FD9A113}.Debug|x64.Build.0 = Debug|Any CPU
		{9CAD55E5-F3FE-4452-980F-94696FD9A113}.Debug|x86.ActiveCfg = Debug|Any CPU
		{9CAD55E5-F3FE-4452-980F-94696FD9A113}.Debug|x86.Build.0 = Debug|Any CPU
		{9CAD55E5-F3FE-4452-980F-94696FD9A113}.Release|Any CPU.ActiveCfg = Release|Any CPU
		{9CAD55E5-F3FE-4452-980F-94696FD9A113}.Release|Any CPU.Build.0 = Release|Any CPU
		{9CAD55E5-F3FE-4452-980F-94696FD9A113}.Release|x64.ActiveCfg = Release|Any CPU
		{9CAD55E5-F3FE-4452-980F-94696FD9A113}.Release|x64.Build.0 = Release|Any CPU
		{9CAD55E5-F3FE-4452-980F-94696FD9A113}.Release|x86.ActiveCfg = Release|Any CPU
		{9CAD55E5-F3FE-4452-980F-94696FD9A113}.Release|x86.Build.0 = Release|Any CPU
		{D3B0EB2A-D7FB-42AE-9FC3-70192CA91FDA}.Debug|Any CPU.ActiveCfg = Debug|Any CPU
		{D3B0EB2A-D7FB-42AE-9FC3-70192CA91FDA}.Debug|Any CPU.Build.0 = Debug|Any CPU
		{D3B0EB2A-D7FB-42AE-9FC3-70192CA91FDA}.Debug|x64.ActiveCfg = Debug|Any CPU
		{D3B0EB2A-D7FB-42AE-9FC3-70192CA91FDA}.Debug|x64.Build.0 = Debug|Any CPU
		{D3B0EB2A-D7FB-42AE-9FC3-70192CA91FDA}.Debug|x86.ActiveCfg = Debug|Any CPU
		{D3B0EB2A-D7FB-42AE-9FC3-70192CA91FDA}.Debug|x86.Build.0 = Debug|Any CPU
		{D3B0EB2A-D7FB-42AE-9FC3-70192CA91FDA}.Release|Any CPU.ActiveCfg = Release|Any CPU
		{D3B0EB2A-D7FB-42AE-9FC3-70192CA91FDA}.Release|Any CPU.Build.0 = Release|Any CPU
		{D3B0EB2A-D7FB-42AE-9FC3-70192CA91FDA}.Release|x64.ActiveCfg = Release|Any CPU
		{D3B0EB2A-D7FB-42AE-9FC3-70192CA91FDA}.Release|x64.Build.0 = Release|Any CPU
		{D3B0EB2A-D7FB-42AE-9FC3-70192CA91FDA}.Release|x86.ActiveCfg = Release|Any CPU
		{D3B0EB2A-D7FB-42AE-9FC3-70192CA91FDA}.Release|x86.Build.0 = Release|Any CPU
		{186172A2-7BD9-416E-AE46-086A3B84C1FC}.Debug|Any CPU.ActiveCfg = Debug|Any CPU
		{186172A2-7BD9-416E-AE46-086A3B84C1FC}.Debug|Any CPU.Build.0 = Debug|Any CPU
		{186172A2-7BD9-416E-AE46-086A3B84C1FC}.Debug|x64.ActiveCfg = Debug|Any CPU
		{186172A2-7BD9-416E-AE46-086A3B84C1FC}.Debug|x64.Build.0 = Debug|Any CPU
		{186172A2-7BD9-416E-AE46-086A3B84C1FC}.Debug|x86.ActiveCfg = Debug|Any CPU
		{186172A2-7BD9-416E-AE46-086A3B84C1FC}.Debug|x86.Build.0 = Debug|Any CPU
		{186172A2-7BD9-416E-AE46-086A3B84C1FC}.Release|Any CPU.ActiveCfg = Release|Any CPU
		{186172A2-7BD9-416E-AE46-086A3B84C1FC}.Release|Any CPU.Build.0 = Release|Any CPU
		{186172A2-7BD9-416E-AE46-086A3B84C1FC}.Release|x64.ActiveCfg = Release|Any CPU
		{186172A2-7BD9-416E-AE46-086A3B84C1FC}.Release|x64.Build.0 = Release|Any CPU
		{186172A2-7BD9-416E-AE46-086A3B84C1FC}.Release|x86.ActiveCfg = Release|Any CPU
		{186172A2-7BD9-416E-AE46-086A3B84C1FC}.Release|x86.Build.0 = Release|Any CPU
		{8DB75849-59D1-45F7-BFB7-11D68398F3E0}.Debug|Any CPU.ActiveCfg = Debug|Any CPU
		{8DB75849-59D1-45F7-BFB7-11D68398F3E0}.Debug|Any CPU.Build.0 = Debug|Any CPU
		{8DB75849-59D1-45F7-BFB7-11D68398F3E0}.Debug|x64.ActiveCfg = Debug|Any CPU
		{8DB75849-59D1-45F7-BFB7-11D68398F3E0}.Debug|x64.Build.0 = Debug|Any CPU
		{8DB75849-59D1-45F7-BFB7-11D68398F3E0}.Debug|x86.ActiveCfg = Debug|Any CPU
		{8DB75849-59D1-45F7-BFB7-11D68398F3E0}.Debug|x86.Build.0 = Debug|Any CPU
		{8DB75849-59D1-45F7-BFB7-11D68398F3E0}.Release|Any CPU.ActiveCfg = Release|Any CPU
		{8DB75849-59D1-45F7-BFB7-11D68398F3E0}.Release|Any CPU.Build.0 = Release|Any CPU
		{8DB75849-59D1-45F7-BFB7-11D68398F3E0}.Release|x64.ActiveCfg = Release|Any CPU
		{8DB75849-59D1-45F7-BFB7-11D68398F3E0}.Release|x64.Build.0 = Release|Any CPU
		{8DB75849-59D1-45F7-BFB7-11D68398F3E0}.Release|x86.ActiveCfg = Release|Any CPU
		{8DB75849-59D1-45F7-BFB7-11D68398F3E0}.Release|x86.Build.0 = Release|Any CPU
		{1E1EF138-9946-4D53-8EE1-6741F11C10F8}.Debug|Any CPU.ActiveCfg = Debug|Any CPU
		{1E1EF138-9946-4D53-8EE1-6741F11C10F8}.Debug|Any CPU.Build.0 = Debug|Any CPU
		{1E1EF138-9946-4D53-8EE1-6741F11C10F8}.Debug|x64.ActiveCfg = Debug|Any CPU
		{1E1EF138-9946-4D53-8EE1-6741F11C10F8}.Debug|x64.Build.0 = Debug|Any CPU
		{1E1EF138-9946-4D53-8EE1-6741F11C10F8}.Debug|x86.ActiveCfg = Debug|Any CPU
		{1E1EF138-9946-4D53-8EE1-6741F11C10F8}.Debug|x86.Build.0 = Debug|Any CPU
		{1E1EF138-9946-4D53-8EE1-6741F11C10F8}.Release|Any CPU.ActiveCfg = Release|Any CPU
		{1E1EF138-9946-4D53-8EE1-6741F11C10F8}.Release|Any CPU.Build.0 = Release|Any CPU
		{1E1EF138-9946-4D53-8EE1-6741F11C10F8}.Release|x64.ActiveCfg = Release|Any CPU
		{1E1EF138-9946-4D53-8EE1-6741F11C10F8}.Release|x64.Build.0 = Release|Any CPU
		{1E1EF138-9946-4D53-8EE1-6741F11C10F8}.Release|x86.ActiveCfg = Release|Any CPU
		{1E1EF138-9946-4D53-8EE1-6741F11C10F8}.Release|x86.Build.0 = Release|Any CPU
	EndGlobalSection
	GlobalSection(SolutionProperties) = preSolution
		HideSolutionNode = FALSE
	EndGlobalSection
	GlobalSection(NestedProjects) = preSolution
		{1F754992-13CB-40F8-89C1-F4F7B9D38166} = {C0D48C6B-3AB3-4921-8525-D6010FAF26BD}
		{C4F05E7D-46F0-4B8F-A457-9D5BD98FB626} = {C0D48C6B-3AB3-4921-8525-D6010FAF26BD}
		{D3A10611-3E72-4FA9-ABD6-AA753346A807} = {C0D48C6B-3AB3-4921-8525-D6010FAF26BD}
		{3531115B-1D09-44A5-B313-95617CE09279} = {862C16E9-DF5E-4AF1-B72B-DB9214C9B885}
		{DAA35876-4F16-4A6B-B91C-0FE8686CBA57} = {862C16E9-DF5E-4AF1-B72B-DB9214C9B885}
		{C583980D-97DD-4DF9-97DF-50613284252E} = {862C16E9-DF5E-4AF1-B72B-DB9214C9B885}
		{5EF66676-34BC-46BD-808F-D136E4128BF9} = {862C16E9-DF5E-4AF1-B72B-DB9214C9B885}
		{1B9518AF-AC05-4582-B736-7E9AE2CE7D97} = {B8390689-26E6-46DE-9672-EAFADCD12B88}
		{D257D947-F730-4F8E-AB29-54441941D73E} = {B8390689-26E6-46DE-9672-EAFADCD12B88}
		{A537FF21-3384-4CF4-8621-E5E436F72226} = {91D86871-A5CF-4811-B9B0-941728B55529}
		{D4CFBC00-7C31-475E-852A-1F209BDDB2AC} = {91D86871-A5CF-4811-B9B0-941728B55529}
		{710456CA-DE7E-467A-AA6A-BC1E7AE9A6FA} = {E9CB29EC-FECB-4770-9113-8B4A8A0BC587}
		{DFB34B7A-F51E-487C-95D2-A9E572357E77} = {87F80724-B566-4089-9511-C7703C28B2F4}
		{341BBE6A-158F-4CF3-96F4-AD5E945F7EB0} = {B8390689-26E6-46DE-9672-EAFADCD12B88}
		{40359073-E297-4704-B1B5-61DE8D17B873} = {E9CB29EC-FECB-4770-9113-8B4A8A0BC587}
		{C2B76530-6D34-4215-89AB-9287A51312C6} = {9630E019-D51D-424C-90FF-56DFE0302B2B}
		{86556232-FDA7-4CE1-B15B-B9973A563266} = {9630E019-D51D-424C-90FF-56DFE0302B2B}
		{E64F7676-BE23-44BF-9D64-A9F07C439BEC} = {B8390689-26E6-46DE-9672-EAFADCD12B88}
		{352E725D-AFC2-494A-950D-9F550D8D55C9} = {87F80724-B566-4089-9511-C7703C28B2F4}
		{0038AF4B-4FE7-485A-90B9-9E6FA1AB77EE} = {0AC309A9-131B-448F-848E-2CEFEBAABACB}
		{B0357DBB-A2F5-46C4-8BD8-80E59CF687A0} = {0AC309A9-131B-448F-848E-2CEFEBAABACB}
		{73283944-63E7-42CA-9783-E063F3467FFD} = {0AC309A9-131B-448F-848E-2CEFEBAABACB}
		{9CAD55E5-F3FE-4452-980F-94696FD9A113} = {87F80724-B566-4089-9511-C7703C28B2F4}
		{D3B0EB2A-D7FB-42AE-9FC3-70192CA91FDA} = {87F80724-B566-4089-9511-C7703C28B2F4}
		{8DB75849-59D1-45F7-BFB7-11D68398F3E0} = {87F80724-B566-4089-9511-C7703C28B2F4}
		{1E1EF138-9946-4D53-8EE1-6741F11C10F8} = {B8390689-26E6-46DE-9672-EAFADCD12B88}
	EndGlobalSection
	GlobalSection(ExtensibilityGlobals) = postSolution
		SolutionGuid = {EEEC2519-7D31-4EC7-B609-6DD6FA018AE2}
	EndGlobalSection
EndGlobal
